
Microsoft Visual Studio Solution File, Format Version 12.00
# Visual Studio Version 16
VisualStudioVersion = 16.0.31613.86
MinimumVisualStudioVersion = 10.0.40219.1
Project("{FAE04EC0-301F-11D3-BF4B-00C04F79EFBC}") = "ScoreBookProject", "ScoreBookProject.csproj", "{ECC2ABB2-F39E-438E-B9A8-763F92464A3B}"
EndProject
Global
	GlobalSection(SolutionConfigurationPlatforms) = preSolution
		Debug|Any CPU = Debug|Any CPU
		Release|Any CPU = Release|Any CPU
	EndGlobalSection
	GlobalSection(ProjectConfigurationPlatforms) = postSolution
		{ECC2ABB2-F39E-438E-B9A8-763F92464A3B}.Debug|Any CPU.ActiveCfg = Debug|Any CPU
		{ECC2ABB2-F39E-438E-B9A8-763F92464A3B}.Debug|Any CPU.Build.0 = Debug|Any CPU
		{ECC2ABB2-F39E-438E-B9A8-763F92464A3B}.Release|Any CPU.ActiveCfg = Release|Any CPU
		{ECC2ABB2-F39E-438E-B9A8-763F92464A3B}.Release|Any CPU.Build.0 = Release|Any CPU
	EndGlobalSection
	GlobalSection(SolutionProperties) = preSolution
		HideSolutionNode = FALSE
	EndGlobalSection
	GlobalSection(ExtensibilityGlobals) = postSolution
		SolutionGuid = {58786A13-6882-403F-AD49-1C90C13808EB}
	EndGlobalSection
EndGlobal
